
Microsoft Visual Studio Solution File, Format Version 12.00
# Visual Studio 15
VisualStudioVersion = 15.0.27703.2035
MinimumVisualStudioVersion = 10.0.40219.1
Project("{FAE04EC0-301F-11D3-BF4B-00C04F79EFBC}") = "TransportFinder", "TransportFinder\TransportFinder.csproj", "{6DF3DCCC-067E-4C38-BD08-4F15EBC78F95}"
EndProject
Global
	GlobalSection(SolutionConfigurationPlatforms) = preSolution
		Debug|Any CPU = Debug|Any CPU
		Release|Any CPU = Release|Any CPU
	EndGlobalSection
	GlobalSection(ProjectConfigurationPlatforms) = postSolution
		{6DF3DCCC-067E-4C38-BD08-4F15EBC78F95}.Debug|Any CPU.ActiveCfg = Debug|Any CPU
		{6DF3DCCC-067E-4C38-BD08-4F15EBC78F95}.Debug|Any CPU.Build.0 = Debug|Any CPU
		{6DF3DCCC-067E-4C38-BD08-4F15EBC78F95}.Release|Any CPU.ActiveCfg = Release|Any CPU
		{6DF3DCCC-067E-4C38-BD08-4F15EBC78F95}.Release|Any CPU.Build.0 = Release|Any CPU
	EndGlobalSection
	GlobalSection(SolutionProperties) = preSolution
		HideSolutionNode = FALSE
	EndGlobalSection
	GlobalSection(ExtensibilityGlobals) = postSolution
		SolutionGuid = {D35EAD7B-352E-476A-B9AE-AAD7C59FD21F}
	EndGlobalSection
EndGlobal
